// !$*UTF8*$!
{
	archiveVersion = 1;
	classes = {
	};
	objectVersion = 52;
	objects = {

/* Begin PBXBuildFile section */
		77D5227B166B55CEFE2ED09D /* Pods_whatsup.framework in Frameworks */ = {isa = PBXBuildFile; fileRef = CAA47CDEBDE093A7EC580CDD /* Pods_whatsup.framework */; };
		A7215B5527A0DDF7008A33DA /* Constants.swift in Sources */ = {isa = PBXBuildFile; fileRef = A7215B5427A0DDF7008A33DA /* Constants.swift */; };
		A7215B5B27A0E11D008A33DA /* Message.swift in Sources */ = {isa = PBXBuildFile; fileRef = A7215B5A27A0E11D008A33DA /* Message.swift */; };
		A7215B6527A0E5FF008A33DA /* MessageCell.swift in Sources */ = {isa = PBXBuildFile; fileRef = A7215B6327A0E5FF008A33DA /* MessageCell.swift */; };
		A7215B6627A0E5FF008A33DA /* MessageCell.xib in Resources */ = {isa = PBXBuildFile; fileRef = A7215B6427A0E5FF008A33DA /* MessageCell.xib */; };
		A7F482E727A23702004D2F66 /* IQKeyboardManagerSwift in Frameworks */ = {isa = PBXBuildFile; productRef = A7F482E627A23702004D2F66 /* IQKeyboardManagerSwift */; };
		A7F71761279F7FD40052A920 /* AppDelegate.swift in Sources */ = {isa = PBXBuildFile; fileRef = A7F71760279F7FD40052A920 /* AppDelegate.swift */; };
		A7F71763279F7FD40052A920 /* SceneDelegate.swift in Sources */ = {isa = PBXBuildFile; fileRef = A7F71762279F7FD40052A920 /* SceneDelegate.swift */; };
		A7F71765279F7FD40052A920 /* ViewController.swift in Sources */ = {isa = PBXBuildFile; fileRef = A7F71764279F7FD40052A920 /* ViewController.swift */; };
		A7F71768279F7FD40052A920 /* Main.storyboard in Resources */ = {isa = PBXBuildFile; fileRef = A7F71766279F7FD40052A920 /* Main.storyboard */; };
		A7F7176B279F7FD40052A920 /* whatsup.xcdatamodeld in Sources */ = {isa = PBXBuildFile; fileRef = A7F71769279F7FD40052A920 /* whatsup.xcdatamodeld */; };
		A7F7176D279F7FDB0052A920 /* Assets.xcassets in Resources */ = {isa = PBXBuildFile; fileRef = A7F7176C279F7FDB0052A920 /* Assets.xcassets */; };
		A7F71770279F7FDB0052A920 /* LaunchScreen.storyboard in Resources */ = {isa = PBXBuildFile; fileRef = A7F7176E279F7FDB0052A920 /* LaunchScreen.storyboard */; };
		A7F7177B279F7FDB0052A920 /* whatsupTests.swift in Sources */ = {isa = PBXBuildFile; fileRef = A7F7177A279F7FDB0052A920 /* whatsupTests.swift */; };
		A7F71786279F7FDB0052A920 /* whatsupUITests.swift in Sources */ = {isa = PBXBuildFile; fileRef = A7F71785279F7FDB0052A920 /* whatsupUITests.swift */; };
		A7F71797279F80A60052A920 /* GoogleService-Info.plist in Resources */ = {isa = PBXBuildFile; fileRef = A7F71796279F80A60052A920 /* GoogleService-Info.plist */; };
		A7F71798279F80A60052A920 /* GoogleService-Info.plist in Resources */ = {isa = PBXBuildFile; fileRef = A7F71796279F80A60052A920 /* GoogleService-Info.plist */; };
		A7F71799279F80A60052A920 /* GoogleService-Info.plist in Resources */ = {isa = PBXBuildFile; fileRef = A7F71796279F80A60052A920 /* GoogleService-Info.plist */; };
		A7F717D3279F86250052A920 /* LoginViewController.swift in Sources */ = {isa = PBXBuildFile; fileRef = A7F717D2279F86250052A920 /* LoginViewController.swift */; };
		A7F717DB279F86B80052A920 /* RegisterViewController.swift in Sources */ = {isa = PBXBuildFile; fileRef = A7F717DA279F86B80052A920 /* RegisterViewController.swift */; };
		A7F717E0279F86C70052A920 /* ChatViewController.swift in Sources */ = {isa = PBXBuildFile; fileRef = A7F717DF279F86C70052A920 /* ChatViewController.swift */; };
/* End PBXBuildFile section */

/* Begin PBXContainerItemProxy section */
		A7F71777279F7FDB0052A920 /* PBXContainerItemProxy */ = {
			isa = PBXContainerItemProxy;
			containerPortal = A7F71755279F7FD40052A920 /* Project object */;
			proxyType = 1;
			remoteGlobalIDString = A7F7175C279F7FD40052A920;
			remoteInfo = whatsup;
		};
		A7F71782279F7FDB0052A920 /* PBXContainerItemProxy */ = {
			isa = PBXContainerItemProxy;
			containerPortal = A7F71755279F7FD40052A920 /* Project object */;
			proxyType = 1;
			remoteGlobalIDString = A7F7175C279F7FD40052A920;
			remoteInfo = whatsup;
		};
/* End PBXContainerItemProxy section */

/* Begin PBXFileReference section */
		0EAF2AC41E4A1ED4CB6C10E2 /* Pods-whatsup.debug.xcconfig */ = {isa = PBXFileReference; includeInIndex = 1; lastKnownFileType = text.xcconfig; name = "Pods-whatsup.debug.xcconfig"; path = "Target Support Files/Pods-whatsup/Pods-whatsup.debug.xcconfig"; sourceTree = "<group>"; };
		276FE23F323D12FEE3E1297B /* Pods-whatsup.release.xcconfig */ = {isa = PBXFileReference; includeInIndex = 1; lastKnownFileType = text.xcconfig; name = "Pods-whatsup.release.xcconfig"; path = "Target Support Files/Pods-whatsup/Pods-whatsup.release.xcconfig"; sourceTree = "<group>"; };
		A7215B5427A0DDF7008A33DA /* Constants.swift */ = {isa = PBXFileReference; lastKnownFileType = sourcecode.swift; path = Constants.swift; sourceTree = "<group>"; };
		A7215B5A27A0E11D008A33DA /* Message.swift */ = {isa = PBXFileReference; lastKnownFileType = sourcecode.swift; path = Message.swift; sourceTree = "<group>"; };
		A7215B6327A0E5FF008A33DA /* MessageCell.swift */ = {isa = PBXFileReference; lastKnownFileType = sourcecode.swift; path = MessageCell.swift; sourceTree = "<group>"; };
		A7215B6427A0E5FF008A33DA /* MessageCell.xib */ = {isa = PBXFileReference; lastKnownFileType = file.xib; path = MessageCell.xib; sourceTree = "<group>"; };
		A7F7175D279F7FD40052A920 /* whatsup.app */ = {isa = PBXFileReference; explicitFileType = wrapper.application; includeInIndex = 0; path = whatsup.app; sourceTree = BUILT_PRODUCTS_DIR; };
		A7F71760279F7FD40052A920 /* AppDelegate.swift */ = {isa = PBXFileReference; lastKnownFileType = sourcecode.swift; path = AppDelegate.swift; sourceTree = "<group>"; };
		A7F71762279F7FD40052A920 /* SceneDelegate.swift */ = {isa = PBXFileReference; lastKnownFileType = sourcecode.swift; path = SceneDelegate.swift; sourceTree = "<group>"; };
		A7F71764279F7FD40052A920 /* ViewController.swift */ = {isa = PBXFileReference; lastKnownFileType = sourcecode.swift; path = ViewController.swift; sourceTree = "<group>"; };
		A7F71767279F7FD40052A920 /* Base */ = {isa = PBXFileReference; lastKnownFileType = file.storyboard; name = Base; path = Base.lproj/Main.storyboard; sourceTree = "<group>"; };
		A7F7176A279F7FD40052A920 /* whatsup.xcdatamodel */ = {isa = PBXFileReference; lastKnownFileType = wrapper.xcdatamodel; path = whatsup.xcdatamodel; sourceTree = "<group>"; };
		A7F7176C279F7FDB0052A920 /* Assets.xcassets */ = {isa = PBXFileReference; lastKnownFileType = folder.assetcatalog; path = Assets.xcassets; sourceTree = "<group>"; };
		A7F7176F279F7FDB0052A920 /* Base */ = {isa = PBXFileReference; lastKnownFileType = file.storyboard; name = Base; path = Base.lproj/LaunchScreen.storyboard; sourceTree = "<group>"; };
		A7F71771279F7FDB0052A920 /* Info.plist */ = {isa = PBXFileReference; lastKnownFileType = text.plist.xml; path = Info.plist; sourceTree = "<group>"; };
		A7F71776279F7FDB0052A920 /* whatsupTests.xctest */ = {isa = PBXFileReference; explicitFileType = wrapper.cfbundle; includeInIndex = 0; path = whatsupTests.xctest; sourceTree = BUILT_PRODUCTS_DIR; };
		A7F7177A279F7FDB0052A920 /* whatsupTests.swift */ = {isa = PBXFileReference; lastKnownFileType = sourcecode.swift; path = whatsupTests.swift; sourceTree = "<group>"; };
		A7F7177C279F7FDB0052A920 /* Info.plist */ = {isa = PBXFileReference; lastKnownFileType = text.plist.xml; path = Info.plist; sourceTree = "<group>"; };
		A7F71781279F7FDB0052A920 /* whatsupUITests.xctest */ = {isa = PBXFileReference; explicitFileType = wrapper.cfbundle; includeInIndex = 0; path = whatsupUITests.xctest; sourceTree = BUILT_PRODUCTS_DIR; };
		A7F71785279F7FDB0052A920 /* whatsupUITests.swift */ = {isa = PBXFileReference; lastKnownFileType = sourcecode.swift; path = whatsupUITests.swift; sourceTree = "<group>"; };
		A7F71787279F7FDB0052A920 /* Info.plist */ = {isa = PBXFileReference; lastKnownFileType = text.plist.xml; path = Info.plist; sourceTree = "<group>"; };
		A7F71796279F80A60052A920 /* GoogleService-Info.plist */ = {isa = PBXFileReference; fileEncoding = 4; lastKnownFileType = text.plist.xml; path = "GoogleService-Info.plist"; sourceTree = "<group>"; };
		A7F717D2279F86250052A920 /* LoginViewController.swift */ = {isa = PBXFileReference; lastKnownFileType = sourcecode.swift; path = LoginViewController.swift; sourceTree = "<group>"; };
		A7F717DA279F86B80052A920 /* RegisterViewController.swift */ = {isa = PBXFileReference; lastKnownFileType = sourcecode.swift; path = RegisterViewController.swift; sourceTree = "<group>"; };
		A7F717DF279F86C70052A920 /* ChatViewController.swift */ = {isa = PBXFileReference; lastKnownFileType = sourcecode.swift; path = ChatViewController.swift; sourceTree = "<group>"; };
		CAA47CDEBDE093A7EC580CDD /* Pods_whatsup.framework */ = {isa = PBXFileReference; explicitFileType = wrapper.framework; includeInIndex = 0; path = Pods_whatsup.framework; sourceTree = BUILT_PRODUCTS_DIR; };
/* End PBXFileReference section */

/* Begin PBXFrameworksBuildPhase section */
		A7F7175A279F7FD40052A920 /* Frameworks */ = {
			isa = PBXFrameworksBuildPhase;
			buildActionMask = 2147483647;
			files = (
				77D5227B166B55CEFE2ED09D /* Pods_whatsup.framework in Frameworks */,
				A7F482E727A23702004D2F66 /* IQKeyboardManagerSwift in Frameworks */,
			);
			runOnlyForDeploymentPostprocessing = 0;
		};
		A7F71773279F7FDB0052A920 /* Frameworks */ = {
			isa = PBXFrameworksBuildPhase;
			buildActionMask = 2147483647;
			files = (
			);
			runOnlyForDeploymentPostprocessing = 0;
		};
		A7F7177E279F7FDB0052A920 /* Frameworks */ = {
			isa = PBXFrameworksBuildPhase;
			buildActionMask = 2147483647;
			files = (
			);
			runOnlyForDeploymentPostprocessing = 0;
		};
/* End PBXFrameworksBuildPhase section */

/* Begin PBXGroup section */
		551B193CAEDED1E839293D64 /* Frameworks */ = {
			isa = PBXGroup;
			children = (
				CAA47CDEBDE093A7EC580CDD /* Pods_whatsup.framework */,
			);
			name = Frameworks;
			sourceTree = "<group>";
		};
		A7215B5927A0E110008A33DA /* Models */ = {
			isa = PBXGroup;
			children = (
				A7215B5A27A0E11D008A33DA /* Message.swift */,
			);
			path = Models;
			sourceTree = "<group>";
		};
		A7215B6227A0E5D0008A33DA /* Views */ = {
			isa = PBXGroup;
			children = (
				A7215B6327A0E5FF008A33DA /* MessageCell.swift */,
				A7215B6427A0E5FF008A33DA /* MessageCell.xib */,
			);
			path = Views;
			sourceTree = "<group>";
		};
		A7F71754279F7FD40052A920 = {
			isa = PBXGroup;
			children = (
				A7F7175F279F7FD40052A920 /* whatsup */,
				A7F71779279F7FDB0052A920 /* whatsupTests */,
				A7F71784279F7FDB0052A920 /* whatsupUITests */,
				A7F7175E279F7FD40052A920 /* Products */,
				B926B7A9C74B7B62497AB770 /* Pods */,
				551B193CAEDED1E839293D64 /* Frameworks */,
			);
			sourceTree = "<group>";
		};
		A7F7175E279F7FD40052A920 /* Products */ = {
			isa = PBXGroup;
			children = (
				A7F7175D279F7FD40052A920 /* whatsup.app */,
				A7F71776279F7FDB0052A920 /* whatsupTests.xctest */,
				A7F71781279F7FDB0052A920 /* whatsupUITests.xctest */,
			);
			name = Products;
			sourceTree = "<group>";
		};
		A7F7175F279F7FD40052A920 /* whatsup */ = {
			isa = PBXGroup;
			children = (
				A7215B6227A0E5D0008A33DA /* Views */,
				A7215B5927A0E110008A33DA /* Models */,
				A7F717D1279F86060052A920 /* Controllers */,
				A7F71760279F7FD40052A920 /* AppDelegate.swift */,
				A7F71762279F7FD40052A920 /* SceneDelegate.swift */,
				A7F71764279F7FD40052A920 /* ViewController.swift */,
				A7F71766279F7FD40052A920 /* Main.storyboard */,
				A7F7176C279F7FDB0052A920 /* Assets.xcassets */,
				A7F7176E279F7FDB0052A920 /* LaunchScreen.storyboard */,
				A7F71771279F7FDB0052A920 /* Info.plist */,
				A7F71769279F7FD40052A920 /* whatsup.xcdatamodeld */,
				A7215B5427A0DDF7008A33DA /* Constants.swift */,
			);
			path = whatsup;
			sourceTree = "<group>";
		};
		A7F71779279F7FDB0052A920 /* whatsupTests */ = {
			isa = PBXGroup;
			children = (
				A7F7177A279F7FDB0052A920 /* whatsupTests.swift */,
				A7F7177C279F7FDB0052A920 /* Info.plist */,
			);
			path = whatsupTests;
			sourceTree = "<group>";
		};
		A7F71784279F7FDB0052A920 /* whatsupUITests */ = {
			isa = PBXGroup;
			children = (
				A7F71785279F7FDB0052A920 /* whatsupUITests.swift */,
				A7F71787279F7FDB0052A920 /* Info.plist */,
				A7F71796279F80A60052A920 /* GoogleService-Info.plist */,
			);
			path = whatsupUITests;
			sourceTree = "<group>";
		};
		A7F717D1279F86060052A920 /* Controllers */ = {
			isa = PBXGroup;
			children = (
				A7F717D2279F86250052A920 /* LoginViewController.swift */,
				A7F717DA279F86B80052A920 /* RegisterViewController.swift */,
				A7F717DF279F86C70052A920 /* ChatViewController.swift */,
			);
			path = Controllers;
			sourceTree = "<group>";
		};
		B926B7A9C74B7B62497AB770 /* Pods */ = {
			isa = PBXGroup;
			children = (
				0EAF2AC41E4A1ED4CB6C10E2 /* Pods-whatsup.debug.xcconfig */,
				276FE23F323D12FEE3E1297B /* Pods-whatsup.release.xcconfig */,
			);
			path = Pods;
			sourceTree = "<group>";
		};
/* End PBXGroup section */

/* Begin PBXNativeTarget section */
		A7F7175C279F7FD40052A920 /* whatsup */ = {
			isa = PBXNativeTarget;
			buildConfigurationList = A7F7178A279F7FDB0052A920 /* Build configuration list for PBXNativeTarget "whatsup" */;
			buildPhases = (
				5E343541AAD177846FEDF688 /* [CP] Check Pods Manifest.lock */,
				A7F71759279F7FD40052A920 /* Sources */,
				A7F7175A279F7FD40052A920 /* Frameworks */,
				A7F7175B279F7FD40052A920 /* Resources */,
				8FF91E77F279D4CDAC712382 /* [CP] Embed Pods Frameworks */,
			);
			buildRules = (
			);
			dependencies = (
			);
			name = whatsup;
			packageProductDependencies = (
				A7F482E627A23702004D2F66 /* IQKeyboardManagerSwift */,
			);
			productName = whatsup;
			productReference = A7F7175D279F7FD40052A920 /* whatsup.app */;
			productType = "com.apple.product-type.application";
		};
		A7F71775279F7FDB0052A920 /* whatsupTests */ = {
			isa = PBXNativeTarget;
			buildConfigurationList = A7F7178D279F7FDB0052A920 /* Build configuration list for PBXNativeTarget "whatsupTests" */;
			buildPhases = (
				A7F71772279F7FDB0052A920 /* Sources */,
				A7F71773279F7FDB0052A920 /* Frameworks */,
				A7F71774279F7FDB0052A920 /* Resources */,
			);
			buildRules = (
			);
			dependencies = (
				A7F71778279F7FDB0052A920 /* PBXTargetDependency */,
			);
			name = whatsupTests;
			productName = whatsupTests;
			productReference = A7F71776279F7FDB0052A920 /* whatsupTests.xctest */;
			productType = "com.apple.product-type.bundle.unit-test";
		};
		A7F71780279F7FDB0052A920 /* whatsupUITests */ = {
			isa = PBXNativeTarget;
			buildConfigurationList = A7F71790279F7FDB0052A920 /* Build configuration list for PBXNativeTarget "whatsupUITests" */;
			buildPhases = (
				A7F7177D279F7FDB0052A920 /* Sources */,
				A7F7177E279F7FDB0052A920 /* Frameworks */,
				A7F7177F279F7FDB0052A920 /* Resources */,
			);
			buildRules = (
			);
			dependencies = (
				A7F71783279F7FDB0052A920 /* PBXTargetDependency */,
			);
			name = whatsupUITests;
			productName = whatsupUITests;
			productReference = A7F71781279F7FDB0052A920 /* whatsupUITests.xctest */;
			productType = "com.apple.product-type.bundle.ui-testing";
		};
/* End PBXNativeTarget section */

/* Begin PBXProject section */
		A7F71755279F7FD40052A920 /* Project object */ = {
			isa = PBXProject;
			attributes = {
				LastSwiftUpdateCheck = 1230;
				LastUpgradeCheck = 1230;
				TargetAttributes = {
					A7F7175C279F7FD40052A920 = {
						CreatedOnToolsVersion = 12.3;
					};
					A7F71775279F7FDB0052A920 = {
						CreatedOnToolsVersion = 12.3;
						TestTargetID = A7F7175C279F7FD40052A920;
					};
					A7F71780279F7FDB0052A920 = {
						CreatedOnToolsVersion = 12.3;
						TestTargetID = A7F7175C279F7FD40052A920;
					};
				};
			};
			buildConfigurationList = A7F71758279F7FD40052A920 /* Build configuration list for PBXProject "whatsup" */;
			compatibilityVersion = "Xcode 9.3";
			developmentRegion = en;
			hasScannedForEncodings = 0;
			knownRegions = (
				en,
				Base,
			);
			mainGroup = A7F71754279F7FD40052A920;
			packageReferences = (
				A7F482E527A23702004D2F66 /* XCRemoteSwiftPackageReference "IQKeyboardManager" */,
			);
			productRefGroup = A7F7175E279F7FD40052A920 /* Products */;
			projectDirPath = "";
			projectRoot = "";
			targets = (
				A7F7175C279F7FD40052A920 /* whatsup */,
				A7F71775279F7FDB0052A920 /* whatsupTests */,
				A7F71780279F7FDB0052A920 /* whatsupUITests */,
			);
		};
/* End PBXProject section */

/* Begin PBXResourcesBuildPhase section */
		A7F7175B279F7FD40052A920 /* Resources */ = {
			isa = PBXResourcesBuildPhase;
			buildActionMask = 2147483647;
			files = (
				A7215B6627A0E5FF008A33DA /* MessageCell.xib in Resources */,
				A7F71770279F7FDB0052A920 /* LaunchScreen.storyboard in Resources */,
				A7F71797279F80A60052A920 /* GoogleService-Info.plist in Resources */,
				A7F7176D279F7FDB0052A920 /* Assets.xcassets in Resources */,
				A7F71768279F7FD40052A920 /* Main.storyboard in Resources */,
			);
			runOnlyForDeploymentPostprocessing = 0;
		};
		A7F71774279F7FDB0052A920 /* Resources */ = {
			isa = PBXResourcesBuildPhase;
			buildActionMask = 2147483647;
			files = (
				A7F71798279F80A60052A920 /* GoogleService-Info.plist in Resources */,
			);
			runOnlyForDeploymentPostprocessing = 0;
		};
		A7F7177F279F7FDB0052A920 /* Resources */ = {
			isa = PBXResourcesBuildPhase;
			buildActionMask = 2147483647;
			files = (
				A7F71799279F80A60052A920 /* GoogleService-Info.plist in Resources */,
			);
			runOnlyForDeploymentPostprocessing = 0;
		};
/* End PBXResourcesBuildPhase section */

/* Begin PBXShellScriptBuildPhase section */
		5E343541AAD177846FEDF688 /* [CP] Check Pods Manifest.lock */ = {
			isa = PBXShellScriptBuildPhase;
			buildActionMask = 2147483647;
			files = (
			);
			inputFileListPaths = (
			);
			inputPaths = (
				"${PODS_PODFILE_DIR_PATH}/Podfile.lock",
				"${PODS_ROOT}/Manifest.lock",
			);
			name = "[CP] Check Pods Manifest.lock";
			outputFileListPaths = (
			);
			outputPaths = (
				"$(DERIVED_FILE_DIR)/Pods-whatsup-checkManifestLockResult.txt",
			);
			runOnlyForDeploymentPostprocessing = 0;
			shellPath = /bin/sh;
			shellScript = "diff \"${PODS_PODFILE_DIR_PATH}/Podfile.lock\" \"${PODS_ROOT}/Manifest.lock\" > /dev/null\nif [ $? != 0 ] ; then\n    # print error to STDERR\n    echo \"error: The sandbox is not in sync with the Podfile.lock. Run 'pod install' or update your CocoaPods installation.\" >&2\n    exit 1\nfi\n# This output is used by Xcode 'outputs' to avoid re-running this script phase.\necho \"SUCCESS\" > \"${SCRIPT_OUTPUT_FILE_0}\"\n";
			showEnvVarsInLog = 0;
		};
		8FF91E77F279D4CDAC712382 /* [CP] Embed Pods Frameworks */ = {
			isa = PBXShellScriptBuildPhase;
			buildActionMask = 2147483647;
			files = (
			);
			inputFileListPaths = (
				"${PODS_ROOT}/Target Support Files/Pods-whatsup/Pods-whatsup-frameworks-${CONFIGURATION}-input-files.xcfilelist",
			);
			name = "[CP] Embed Pods Frameworks";
			outputFileListPaths = (
				"${PODS_ROOT}/Target Support Files/Pods-whatsup/Pods-whatsup-frameworks-${CONFIGURATION}-output-files.xcfilelist",
			);
			runOnlyForDeploymentPostprocessing = 0;
			shellPath = /bin/sh;
			shellScript = "\"${PODS_ROOT}/Target Support Files/Pods-whatsup/Pods-whatsup-frameworks.sh\"\n";
			showEnvVarsInLog = 0;
		};
/* End PBXShellScriptBuildPhase section */

/* Begin PBXSourcesBuildPhase section */
		A7F71759279F7FD40052A920 /* Sources */ = {
			isa = PBXSourcesBuildPhase;
			buildActionMask = 2147483647;
			files = (
				A7F7176B279F7FD40052A920 /* whatsup.xcdatamodeld in Sources */,
				A7215B6527A0E5FF008A33DA /* MessageCell.swift in Sources */,
				A7F71765279F7FD40052A920 /* ViewController.swift in Sources */,
				A7F71761279F7FD40052A920 /* AppDelegate.swift in Sources */,
				A7215B5B27A0E11D008A33DA /* Message.swift in Sources */,
				A7F717E0279F86C70052A920 /* ChatViewController.swift in Sources */,
				A7F717DB279F86B80052A920 /* RegisterViewController.swift in Sources */,
				A7F717D3279F86250052A920 /* LoginViewController.swift in Sources */,
				A7F71763279F7FD40052A920 /* SceneDelegate.swift in Sources */,
				A7215B5527A0DDF7008A33DA /* Constants.swift in Sources */,
			);
			runOnlyForDeploymentPostprocessing = 0;
		};
		A7F71772279F7FDB0052A920 /* Sources */ = {
			isa = PBXSourcesBuildPhase;
			buildActionMask = 2147483647;
			files = (
				A7F7177B279F7FDB0052A920 /* whatsupTests.swift in Sources */,
			);
			runOnlyForDeploymentPostprocessing = 0;
		};
		A7F7177D279F7FDB0052A920 /* Sources */ = {
			isa = PBXSourcesBuildPhase;
			buildActionMask = 2147483647;
			files = (
				A7F71786279F7FDB0052A920 /* whatsupUITests.swift in Sources */,
			);
			runOnlyForDeploymentPostprocessing = 0;
		};
/* End PBXSourcesBuildPhase section */

/* Begin PBXTargetDependency section */
		A7F71778279F7FDB0052A920 /* PBXTargetDependency */ = {
			isa = PBXTargetDependency;
			target = A7F7175C279F7FD40052A920 /* whatsup */;
			targetProxy = A7F71777279F7FDB0052A920 /* PBXContainerItemProxy */;
		};
		A7F71783279F7FDB0052A920 /* PBXTargetDependency */ = {
			isa = PBXTargetDependency;
			target = A7F7175C279F7FD40052A920 /* whatsup */;
			targetProxy = A7F71782279F7FDB0052A920 /* PBXContainerItemProxy */;
		};
/* End PBXTargetDependency section */

/* Begin PBXVariantGroup section */
		A7F71766279F7FD40052A920 /* Main.storyboard */ = {
			isa = PBXVariantGroup;
			children = (
				A7F71767279F7FD40052A920 /* Base */,
			);
			name = Main.storyboard;
			sourceTree = "<group>";
		};
		A7F7176E279F7FDB0052A920 /* LaunchScreen.storyboard */ = {
			isa = PBXVariantGroup;
			children = (
				A7F7176F279F7FDB0052A920 /* Base */,
			);
			name = LaunchScreen.storyboard;
			sourceTree = "<group>";
		};
/* End PBXVariantGroup section */

/* Begin XCBuildConfiguration section */
		A7F71788279F7FDB0052A920 /* Debug */ = {
			isa = XCBuildConfiguration;
			buildSettings = {
				ALWAYS_SEARCH_USER_PATHS = NO;
				CLANG_ANALYZER_NONNULL = YES;
				CLANG_ANALYZER_NUMBER_OBJECT_CONVERSION = YES_AGGRESSIVE;
				CLANG_CXX_LANGUAGE_STANDARD = "gnu++14";
				CLANG_CXX_LIBRARY = "libc++";
				CLANG_ENABLE_MODULES = YES;
				CLANG_ENABLE_OBJC_ARC = YES;
				CLANG_ENABLE_OBJC_WEAK = YES;
				CLANG_WARN_BLOCK_CAPTURE_AUTORELEASING = YES;
				CLANG_WARN_BOOL_CONVERSION = YES;
				CLANG_WARN_COMMA = YES;
				CLANG_WARN_CONSTANT_CONVERSION = YES;
				CLANG_WARN_DEPRECATED_OBJC_IMPLEMENTATIONS = YES;
				CLANG_WARN_DIRECT_OBJC_ISA_USAGE = YES_ERROR;
				CLANG_WARN_DOCUMENTATION_COMMENTS = YES;
				CLANG_WARN_EMPTY_BODY = YES;
				CLANG_WARN_ENUM_CONVERSION = YES;
				CLANG_WARN_INFINITE_RECURSION = YES;
				CLANG_WARN_INT_CONVERSION = YES;
				CLANG_WARN_NON_LITERAL_NULL_CONVERSION = YES;
				CLANG_WARN_OBJC_IMPLICIT_RETAIN_SELF = YES;
				CLANG_WARN_OBJC_LITERAL_CONVERSION = YES;
				CLANG_WARN_OBJC_ROOT_CLASS = YES_ERROR;
				CLANG_WARN_QUOTED_INCLUDE_IN_FRAMEWORK_HEADER = YES;
				CLANG_WARN_RANGE_LOOP_ANALYSIS = YES;
				CLANG_WARN_STRICT_PROTOTYPES = YES;
				CLANG_WARN_SUSPICIOUS_MOVE = YES;
				CLANG_WARN_UNGUARDED_AVAILABILITY = YES_AGGRESSIVE;
				CLANG_WARN_UNREACHABLE_CODE = YES;
				CLANG_WARN__DUPLICATE_METHOD_MATCH = YES;
				COPY_PHASE_STRIP = NO;
				DEBUG_INFORMATION_FORMAT = dwarf;
				ENABLE_STRICT_OBJC_MSGSEND = YES;
				ENABLE_TESTABILITY = YES;
				GCC_C_LANGUAGE_STANDARD = gnu11;
				GCC_DYNAMIC_NO_PIC = NO;
				GCC_NO_COMMON_BLOCKS = YES;
				GCC_OPTIMIZATION_LEVEL = 0;
				GCC_PREPROCESSOR_DEFINITIONS = (
					"DEBUG=1",
					"$(inherited)",
				);
				GCC_WARN_64_TO_32_BIT_CONVERSION = YES;
				GCC_WARN_ABOUT_RETURN_TYPE = YES_ERROR;
				GCC_WARN_UNDECLARED_SELECTOR = YES;
				GCC_WARN_UNINITIALIZED_AUTOS = YES_AGGRESSIVE;
				GCC_WARN_UNUSED_FUNCTION = YES;
				GCC_WARN_UNUSED_VARIABLE = YES;
				IPHONEOS_DEPLOYMENT_TARGET = 14.3;
				MTL_ENABLE_DEBUG_INFO = INCLUDE_SOURCE;
				MTL_FAST_MATH = YES;
				ONLY_ACTIVE_ARCH = YES;
				SDKROOT = iphoneos;
				SWIFT_ACTIVE_COMPILATION_CONDITIONS = DEBUG;
				SWIFT_OPTIMIZATION_LEVEL = "-Onone";
			};
			name = Debug;
		};
		A7F71789279F7FDB0052A920 /* Release */ = {
			isa = XCBuildConfiguration;
			buildSettings = {
				ALWAYS_SEARCH_USER_PATHS = NO;
				CLANG_ANALYZER_NONNULL = YES;
				CLANG_ANALYZER_NUMBER_OBJECT_CONVERSION = YES_AGGRESSIVE;
				CLANG_CXX_LANGUAGE_STANDARD = "gnu++14";
				CLANG_CXX_LIBRARY = "libc++";
				CLANG_ENABLE_MODULES = YES;
				CLANG_ENABLE_OBJC_ARC = YES;
				CLANG_ENABLE_OBJC_WEAK = YES;
				CLANG_WARN_BLOCK_CAPTURE_AUTORELEASING = YES;
				CLANG_WARN_BOOL_CONVERSION = YES;
				CLANG_WARN_COMMA = YES;
				CLANG_WARN_CONSTANT_CONVERSION = YES;
				CLANG_WARN_DEPRECATED_OBJC_IMPLEMENTATIONS = YES;
				CLANG_WARN_DIRECT_OBJC_ISA_USAGE = YES_ERROR;
				CLANG_WARN_DOCUMENTATION_COMMENTS = YES;
				CLANG_WARN_EMPTY_BODY = YES;
				CLANG_WARN_ENUM_CONVERSION = YES;
				CLANG_WARN_INFINITE_RECURSION = YES;
				CLANG_WARN_INT_CONVERSION = YES;
				CLANG_WARN_NON_LITERAL_NULL_CONVERSION = YES;
				CLANG_WARN_OBJC_IMPLICIT_RETAIN_SELF = YES;
				CLANG_WARN_OBJC_LITERAL_CONVERSION = YES;
				CLANG_WARN_OBJC_ROOT_CLASS = YES_ERROR;
				CLANG_WARN_QUOTED_INCLUDE_IN_FRAMEWORK_HEADER = YES;
				CLANG_WARN_RANGE_LOOP_ANALYSIS = YES;
				CLANG_WARN_STRICT_PROTOTYPES = YES;
				CLANG_WARN_SUSPICIOUS_MOVE = YES;
				CLANG_WARN_UNGUARDED_AVAILABILITY = YES_AGGRESSIVE;
				CLANG_WARN_UNREACHABLE_CODE = YES;
				CLANG_WARN__DUPLICATE_METHOD_MATCH = YES;
				COPY_PHASE_STRIP = NO;
				DEBUG_INFORMATION_FORMAT = "dwarf-with-dsym";
				ENABLE_NS_ASSERTIONS = NO;
				ENABLE_STRICT_OBJC_MSGSEND = YES;
				GCC_C_LANGUAGE_STANDARD = gnu11;
				GCC_NO_COMMON_BLOCKS = YES;
				GCC_WARN_64_TO_32_BIT_CONVERSION = YES;
				GCC_WARN_ABOUT_RETURN_TYPE = YES_ERROR;
				GCC_WARN_UNDECLARED_SELECTOR = YES;
				GCC_WARN_UNINITIALIZED_AUTOS = YES_AGGRESSIVE;
				GCC_WARN_UNUSED_FUNCTION = YES;
				GCC_WARN_UNUSED_VARIABLE = YES;
				IPHONEOS_DEPLOYMENT_TARGET = 14.3;
				MTL_ENABLE_DEBUG_INFO = NO;
				MTL_FAST_MATH = YES;
				SDKROOT = iphoneos;
				SWIFT_COMPILATION_MODE = wholemodule;
				SWIFT_OPTIMIZATION_LEVEL = "-O";
				VALIDATE_PRODUCT = YES;
			};
			name = Release;
		};
		A7F7178B279F7FDB0052A920 /* Debug */ = {
			isa = XCBuildConfiguration;
			baseConfigurationReference = 0EAF2AC41E4A1ED4CB6C10E2 /* Pods-whatsup.debug.xcconfig */;
			buildSettings = {
				ASSETCATALOG_COMPILER_APPICON_NAME = AppIcon;
				ASSETCATALOG_COMPILER_GLOBAL_ACCENT_COLOR_NAME = AccentColor;
				CODE_SIGN_STYLE = Automatic;
				DEVELOPMENT_TEAM = BTE5A839NW;
				INFOPLIST_FILE = whatsup/Info.plist;
				IPHONEOS_DEPLOYMENT_TARGET = 13.1;
				LD_RUNPATH_SEARCH_PATHS = (
					"$(inherited)",
					"@executable_path/Frameworks",
				);
				PRODUCT_BUNDLE_IDENTIFIER = com.reethika.whatsup;
				PRODUCT_NAME = "$(TARGET_NAME)";
				SWIFT_VERSION = 5.0;
				TARGETED_DEVICE_FAMILY = "1,2";
			};
			name = Debug;
		};
		A7F7178C279F7FDB0052A920 /* Release */ = {
			isa = XCBuildConfiguration;
			baseConfigurationReference = 276FE23F323D12FEE3E1297B /* Pods-whatsup.release.xcconfig */;
			buildSettings = {
				ASSETCATALOG_COMPILER_APPICON_NAME = AppIcon;
				ASSETCATALOG_COMPILER_GLOBAL_ACCENT_COLOR_NAME = AccentColor;
				CODE_SIGN_STYLE = Automatic;
				DEVELOPMENT_TEAM = BTE5A839NW;
				INFOPLIST_FILE = whatsup/Info.plist;
				IPHONEOS_DEPLOYMENT_TARGET = 13.1;
				LD_RUNPATH_SEARCH_PATHS = (
					"$(inherited)",
					"@executable_path/Frameworks",
				);
				PRODUCT_BUNDLE_IDENTIFIER = com.reethika.whatsup;
				PRODUCT_NAME = "$(TARGET_NAME)";
				SWIFT_VERSION = 5.0;
				TARGETED_DEVICE_FAMILY = "1,2";
			};
			name = Release;
		};
		A7F7178E279F7FDB0052A920 /* Debug */ = {
			isa = XCBuildConfiguration;
			buildSettings = {
				ALWAYS_EMBED_SWIFT_STANDARD_LIBRARIES = YES;
				BUNDLE_LOADER = "$(TEST_HOST)";
				CODE_SIGN_STYLE = Automatic;
				INFOPLIST_FILE = whatsupTests/Info.plist;
				IPHONEOS_DEPLOYMENT_TARGET = 14.3;
				LD_RUNPATH_SEARCH_PATHS = (
					"$(inherited)",
					"@executable_path/Frameworks",
					"@loader_path/Frameworks",
				);
				PRODUCT_BUNDLE_IDENTIFIER = com.reethika.whatsupTests;
				PRODUCT_NAME = "$(TARGET_NAME)";
				SWIFT_VERSION = 5.0;
				TARGETED_DEVICE_FAMILY = "1,2";
				TEST_HOST = "$(BUILT_PRODUCTS_DIR)/whatsup.app/whatsup";
			};
			name = Debug;
		};
		A7F7178F279F7FDB0052A920 /* Release */ = {
			isa = XCBuildConfiguration;
			buildSettings = {
				ALWAYS_EMBED_SWIFT_STANDARD_LIBRARIES = YES;
				BUNDLE_LOADER = "$(TEST_HOST)";
				CODE_SIGN_STYLE = Automatic;
				INFOPLIST_FILE = whatsupTests/Info.plist;
				IPHONEOS_DEPLOYMENT_TARGET = 14.3;
				LD_RUNPATH_SEARCH_PATHS = (
					"$(inherited)",
					"@executable_path/Frameworks",
					"@loader_path/Frameworks",
				);
				PRODUCT_BUNDLE_IDENTIFIER = com.reethika.whatsupTests;
				PRODUCT_NAME = "$(TARGET_NAME)";
				SWIFT_VERSION = 5.0;
				TARGETED_DEVICE_FAMILY = "1,2";
				TEST_HOST = "$(BUILT_PRODUCTS_DIR)/whatsup.app/whatsup";
			};
			name = Release;
		};
		A7F71791279F7FDB0052A920 /* Debug */ = {
			isa = XCBuildConfiguration;
			buildSettings = {
				ALWAYS_EMBED_SWIFT_STANDARD_LIBRARIES = YES;
				CODE_SIGN_STYLE = Automatic;
				INFOPLIST_FILE = whatsupUITests/Info.plist;
				LD_RUNPATH_SEARCH_PATHS = (
					"$(inherited)",
					"@executable_path/Frameworks",
					"@loader_path/Frameworks",
				);
				PRODUCT_BUNDLE_IDENTIFIER = com.reethika.whatsupUITests;
				PRODUCT_NAME = "$(TARGET_NAME)";
				SWIFT_VERSION = 5.0;
				TARGETED_DEVICE_FAMILY = "1,2";
				TEST_TARGET_NAME = whatsup;
			};
			name = Debug;
		};
		A7F71792279F7FDB0052A920 /* Release */ = {
			isa = XCBuildConfiguration;
			buildSettings = {
				ALWAYS_EMBED_SWIFT_STANDARD_LIBRARIES = YES;
				CODE_SIGN_STYLE = Automatic;
				INFOPLIST_FILE = whatsupUITests/Info.plist;
				LD_RUNPATH_SEARCH_PATHS = (
					"$(inherited)",
					"@executable_path/Frameworks",
					"@loader_path/Frameworks",
				);
				PRODUCT_BUNDLE_IDENTIFIER = com.reethika.whatsupUITests;
				PRODUCT_NAME = "$(TARGET_NAME)";
				SWIFT_VERSION = 5.0;
				TARGETED_DEVICE_FAMILY = "1,2";
				TEST_TARGET_NAME = whatsup;
			};
			name = Release;
		};
/* End XCBuildConfiguration section */

/* Begin XCConfigurationList section */
		A7F71758279F7FD40052A920 /* Build configuration list for PBXProject "whatsup" */ = {
			isa = XCConfigurationList;
			buildConfigurations = (
				A7F71788279F7FDB0052A920 /* Debug */,
				A7F71789279F7FDB0052A920 /* Release */,
			);
			defaultConfigurationIsVisible = 0;
			defaultConfigurationName = Release;
		};
		A7F7178A279F7FDB0052A920 /* Build configuration list for PBXNativeTarget "whatsup" */ = {
			isa = XCConfigurationList;
			buildConfigurations = (
				A7F7178B279F7FDB0052A920 /* Debug */,
				A7F7178C279F7FDB0052A920 /* Release */,
			);
			defaultConfigurationIsVisible = 0;
			defaultConfigurationName = Release;
		};
		A7F7178D279F7FDB0052A920 /* Build configuration list for PBXNativeTarget "whatsupTests" */ = {
			isa = XCConfigurationList;
			buildConfigurations = (
				A7F7178E279F7FDB0052A920 /* Debug */,
				A7F7178F279F7FDB0052A920 /* Release */,
			);
			defaultConfigurationIsVisible = 0;
			defaultConfigurationName = Release;
		};
		A7F71790279F7FDB0052A920 /* Build configuration list for PBXNativeTarget "whatsupUITests" */ = {
			isa = XCConfigurationList;
			buildConfigurations = (
				A7F71791279F7FDB0052A920 /* Debug */,
				A7F71792279F7FDB0052A920 /* Release */,
			);
			defaultConfigurationIsVisible = 0;
			defaultConfigurationName = Release;
		};
/* End XCConfigurationList section */

/* Begin XCRemoteSwiftPackageReference section */
		A7F482E527A23702004D2F66 /* XCRemoteSwiftPackageReference "IQKeyboardManager" */ = {
			isa = XCRemoteSwiftPackageReference;
			repositoryURL = "https://github.com/hackiftekhar/IQKeyboardManager";
			requirement = {
				kind = upToNextMajorVersion;
				minimumVersion = 6.5.9;
			};
		};
/* End XCRemoteSwiftPackageReference section */

/* Begin XCSwiftPackageProductDependency section */
		A7F482E627A23702004D2F66 /* IQKeyboardManagerSwift */ = {
			isa = XCSwiftPackageProductDependency;
			package = A7F482E527A23702004D2F66 /* XCRemoteSwiftPackageReference "IQKeyboardManager" */;
			productName = IQKeyboardManagerSwift;
		};
/* End XCSwiftPackageProductDependency section */

/* Begin XCVersionGroup section */
		A7F71769279F7FD40052A920 /* whatsup.xcdatamodeld */ = {
			isa = XCVersionGroup;
			children = (
				A7F7176A279F7FD40052A920 /* whatsup.xcdatamodel */,
			);
			currentVersion = A7F7176A279F7FD40052A920 /* whatsup.xcdatamodel */;
			path = whatsup.xcdatamodeld;
			sourceTree = "<group>";
			versionGroupType = wrapper.xcdatamodel;
		};
/* End XCVersionGroup section */
	};
	rootObject = A7F71755279F7FD40052A920 /* Project object */;
}
